
Microsoft Visual Studio Solution File, Format Version 12.00
# Visual Studio Version 17
VisualStudioVersion = 17.4.33205.214
MinimumVisualStudioVersion = 10.0.40219.1
Project("{9A19103F-16F7-4668-BE54-9A1E7A4F7556}") = "WebAdmin.Service", "WebAdmin.Service\WebAdmin.Service.csproj", "{34F728E0-EBED-4DD2-9270-763BB4510BF1}"
EndProject
Project("{9A19103F-16F7-4668-BE54-9A1E7A4F7556}") = "WebAdmin.Repositories", "WebAdmin.Repositories\WebAdmin.Repositories.csproj", "{58BD9727-D604-4871-8068-A627B2FAE628}"
EndProject
Project("{9A19103F-16F7-4668-BE54-9A1E7A4F7556}") = "WebAdmin.Infrastructure", "WebAdmin.Infrastructure\WebAdmin.Infrastructure.csproj", "{B97B09A1-67E4-4D7E-BED3-998C51E2AFA1}"
EndProject
Project("{9A19103F-16F7-4668-BE54-9A1E7A4F7556}") = "WebAdmin.Framework", "WebAdmin.Framework\WebAdmin.Framework.csproj", "{730005D4-2FC2-47D4-9B7C-45799A9A3D03}"
EndProject
Project("{9A19103F-16F7-4668-BE54-9A1E7A4F7556}") = "WebAdmin.Domain", "WebAdmin.Domain\WebAdmin.Domain.csproj", "{D608F540-0BFB-48E8-937F-FBEED3DDDA57}"
EndProject
Project("{2150E333-8FDC-42A3-9474-1A3956D46DE8}") = "Sharp", "Sharp", "{0273CC76-E1A9-4150-851A-B706270ADFEB}"
EndProject
Project("{2150E333-8FDC-42A3-9474-1A3956D46DE8}") = "DataAccess", "DataAccess", "{6CE46CB6-C1D1-4175-ACDD-3F3435751244}"
EndProject
Project("{9A19103F-16F7-4668-BE54-9A1E7A4F7556}") = "SqlSugar.Sharding.SqlServer", "SqlSugar.Sharding.SqlServer\SqlSugar.Sharding.SqlServer.csproj", "{71A7696B-5A37-45F1-B25B-04161798D49F}"
EndProject
Project("{9A19103F-16F7-4668-BE54-9A1E7A4F7556}") = "SqlSugar.Sharding.Redis", "SqlSugar.Sharding.Redis\SqlSugar.Sharding.Redis.csproj", "{6AA4DABD-B5D6-4A3D-91A5-AF8C5D0806E6}"
EndProject
Project("{2150E333-8FDC-42A3-9474-1A3956D46DE8}") = "PagedList", "PagedList", "{CBFA0B9A-4813-47EE-A5B5-9185C6B7B90F}"
EndProject
Project("{9A19103F-16F7-4668-BE54-9A1E7A4F7556}") = "X.PagedList", "..\Share\X.PagedList\X.PagedList.csproj", "{5B7C13CB-F7A4-49C6-B048-8C928978857D}"
EndProject
Project("{9A19103F-16F7-4668-BE54-9A1E7A4F7556}") = "X.PagedList.Mvc.Bootstrap4.Core", "..\Share\X.PagedList.Mvc.Bootstrap4.Core\X.PagedList.Mvc.Bootstrap4.Core.csproj", "{59E9EE44-3CB8-44D5-984A-E8F544C4B89D}"
EndProject
Project("{9A19103F-16F7-4668-BE54-9A1E7A4F7556}") = "X.PagedList.Mvc.Core", "..\Share\X.PagedList.Mvc.Core\X.PagedList.Mvc.Core.csproj", "{F4C8AA48-FE1E-4C80-B5CB-42ACF4721642}"
EndProject
Project("{9A19103F-16F7-4668-BE54-9A1E7A4F7556}") = "WebAdmin.Entity", "WebAdmin.Entity\WebAdmin.Entity.csproj", "{A1F16BDB-01A5-4DE8-8DA6-F6E86868C1A8}"
EndProject
Project("{9A19103F-16F7-4668-BE54-9A1E7A4F7556}") = "WebAdmin.Api", "WebAdmin.Api\WebAdmin.Api.csproj", "{0D92E097-3268-4D76-A70C-024F70CB857F}"
EndProject
Project("{2150E333-8FDC-42A3-9474-1A3956D46DE8}") = "Generation", "Generation", "{1D628539-3616-4015-93A9-C12341877ACC}"
EndProject
Project("{9A19103F-16F7-4668-BE54-9A1E7A4F7556}") = "CodeGenerator", "CodeGenerator\CodeGenerator.csproj", "{285D97F9-63F3-4EF8-9710-30C812EE1168}"
EndProject
Project("{9A19103F-16F7-4668-BE54-9A1E7A4F7556}") = "WebAdmin.Mvc", "WebAdmin.Mvc\WebAdmin.Mvc.csproj", "{31ACF447-99C9-428A-8C8F-931334374BAE}"
EndProject
Global
	GlobalSection(SolutionConfigurationPlatforms) = preSolution
		Debug|Any CPU = Debug|Any CPU
		Debug|x86 = Debug|x86
		Release|Any CPU = Release|Any CPU
		Release|x86 = Release|x86
	EndGlobalSection
	GlobalSection(ProjectConfigurationPlatforms) = postSolution
		{34F728E0-EBED-4DD2-9270-763BB4510BF1}.Debug|Any CPU.ActiveCfg = Debug|Any CPU
		{34F728E0-EBED-4DD2-9270-763BB4510BF1}.Debug|Any CPU.Build.0 = Debug|Any CPU
		{34F728E0-EBED-4DD2-9270-763BB4510BF1}.Debug|x86.ActiveCfg = Debug|Any CPU
		{34F728E0-EBED-4DD2-9270-763BB4510BF1}.Debug|x86.Build.0 = Debug|Any CPU
		{34F728E0-EBED-4DD2-9270-763BB4510BF1}.Release|Any CPU.ActiveCfg = Release|Any CPU
		{34F728E0-EBED-4DD2-9270-763BB4510BF1}.Release|Any CPU.Build.0 = Release|Any CPU
		{34F728E0-EBED-4DD2-9270-763BB4510BF1}.Release|x86.ActiveCfg = Release|Any CPU
		{34F728E0-EBED-4DD2-9270-763BB4510BF1}.Release|x86.Build.0 = Release|Any CPU
		{58BD9727-D604-4871-8068-A627B2FAE628}.Debug|Any CPU.ActiveCfg = Debug|Any CPU
		{58BD9727-D604-4871-8068-A627B2FAE628}.Debug|Any CPU.Build.0 = Debug|Any CPU
		{58BD9727-D604-4871-8068-A627B2FAE628}.Debug|x86.ActiveCfg = Debug|Any CPU
		{58BD9727-D604-4871-8068-A627B2FAE628}.Debug|x86.Build.0 = Debug|Any CPU
		{58BD9727-D604-4871-8068-A627B2FAE628}.Release|Any CPU.ActiveCfg = Release|Any CPU
		{58BD9727-D604-4871-8068-A627B2FAE628}.Release|Any CPU.Build.0 = Release|Any CPU
		{58BD9727-D604-4871-8068-A627B2FAE628}.Release|x86.ActiveCfg = Release|Any CPU
		{58BD9727-D604-4871-8068-A627B2FAE628}.Release|x86.Build.0 = Release|Any CPU
		{B97B09A1-67E4-4D7E-BED3-998C51E2AFA1}.Debug|Any CPU.ActiveCfg = Debug|Any CPU
		{B97B09A1-67E4-4D7E-BED3-998C51E2AFA1}.Debug|Any CPU.Build.0 = Debug|Any CPU
		{B97B09A1-67E4-4D7E-BED3-998C51E2AFA1}.Debug|x86.ActiveCfg = Debug|Any CPU
		{B97B09A1-67E4-4D7E-BED3-998C51E2AFA1}.Debug|x86.Build.0 = Debug|Any CPU
		{B97B09A1-67E4-4D7E-BED3-998C51E2AFA1}.Release|Any CPU.ActiveCfg = Release|Any CPU
		{B97B09A1-67E4-4D7E-BED3-998C51E2AFA1}.Release|Any CPU.Build.0 = Release|Any CPU
		{B97B09A1-67E4-4D7E-BED3-998C51E2AFA1}.Release|x86.ActiveCfg = Release|Any CPU
		{B97B09A1-67E4-4D7E-BED3-998C51E2AFA1}.Release|x86.Build.0 = Release|Any CPU
		{730005D4-2FC2-47D4-9B7C-45799A9A3D03}.Debug|Any CPU.ActiveCfg = Debug|Any CPU
		{730005D4-2FC2-47D4-9B7C-45799A9A3D03}.Debug|Any CPU.Build.0 = Debug|Any CPU
		{730005D4-2FC2-47D4-9B7C-45799A9A3D03}.Debug|x86.ActiveCfg = Debug|Any CPU
		{730005D4-2FC2-47D4-9B7C-45799A9A3D03}.Debug|x86.Build.0 = Debug|Any CPU
		{730005D4-2FC2-47D4-9B7C-45799A9A3D03}.Release|Any CPU.ActiveCfg = Release|Any CPU
		{730005D4-2FC2-47D4-9B7C-45799A9A3D03}.Release|Any CPU.Build.0 = Release|Any CPU
		{730005D4-2FC2-47D4-9B7C-45799A9A3D03}.Release|x86.ActiveCfg = Release|Any CPU
		{730005D4-2FC2-47D4-9B7C-45799A9A3D03}.Release|x86.Build.0 = Release|Any CPU
		{D608F540-0BFB-48E8-937F-FBEED3DDDA57}.Debug|Any CPU.ActiveCfg = Debug|Any CPU
		{D608F540-0BFB-48E8-937F-FBEED3DDDA57}.Debug|Any CPU.Build.0 = Debug|Any CPU
		{D608F540-0BFB-48E8-937F-FBEED3DDDA57}.Debug|x86.ActiveCfg = Debug|Any CPU
		{D608F540-0BFB-48E8-937F-FBEED3DDDA57}.Debug|x86.Build.0 = Debug|Any CPU
		{D608F540-0BFB-48E8-937F-FBEED3DDDA57}.Release|Any CPU.ActiveCfg = Release|Any CPU
		{D608F540-0BFB-48E8-937F-FBEED3DDDA57}.Release|Any CPU.Build.0 = Release|Any CPU
		{D608F540-0BFB-48E8-937F-FBEED3DDDA57}.Release|x86.ActiveCfg = Release|Any CPU
		{D608F540-0BFB-48E8-937F-FBEED3DDDA57}.Release|x86.Build.0 = Release|Any CPU
		{71A7696B-5A37-45F1-B25B-04161798D49F}.Debug|Any CPU.ActiveCfg = Debug|Any CPU
		{71A7696B-5A37-45F1-B25B-04161798D49F}.Debug|Any CPU.Build.0 = Debug|Any CPU
		{71A7696B-5A37-45F1-B25B-04161798D49F}.Debug|x86.ActiveCfg = Debug|Any CPU
		{71A7696B-5A37-45F1-B25B-04161798D49F}.Debug|x86.Build.0 = Debug|Any CPU
		{71A7696B-5A37-45F1-B25B-04161798D49F}.Release|Any CPU.ActiveCfg = Release|Any CPU
		{71A7696B-5A37-45F1-B25B-04161798D49F}.Release|Any CPU.Build.0 = Release|Any CPU
		{71A7696B-5A37-45F1-B25B-04161798D49F}.Release|x86.ActiveCfg = Release|Any CPU
		{71A7696B-5A37-45F1-B25B-04161798D49F}.Release|x86.Build.0 = Release|Any CPU
		{6AA4DABD-B5D6-4A3D-91A5-AF8C5D0806E6}.Debug|Any CPU.ActiveCfg = Debug|Any CPU
		{6AA4DABD-B5D6-4A3D-91A5-AF8C5D0806E6}.Debug|Any CPU.Build.0 = Debug|Any CPU
		{6AA4DABD-B5D6-4A3D-91A5-AF8C5D0806E6}.Debug|x86.ActiveCfg = Debug|Any CPU
		{6AA4DABD-B5D6-4A3D-91A5-AF8C5D0806E6}.Debug|x86.Build.0 = Debug|Any CPU
		{6AA4DABD-B5D6-4A3D-91A5-AF8C5D0806E6}.Release|Any CPU.ActiveCfg = Release|Any CPU
		{6AA4DABD-B5D6-4A3D-91A5-AF8C5D0806E6}.Release|Any CPU.Build.0 = Release|Any CPU
		{6AA4DABD-B5D6-4A3D-91A5-AF8C5D0806E6}.Release|x86.ActiveCfg = Release|Any CPU
		{6AA4DABD-B5D6-4A3D-91A5-AF8C5D0806E6}.Release|x86.Build.0 = Release|Any CPU
		{5B7C13CB-F7A4-49C6-B048-8C928978857D}.Debug|Any CPU.ActiveCfg = Debug|Any CPU
		{5B7C13CB-F7A4-49C6-B048-8C928978857D}.Debug|Any CPU.Build.0 = Debug|Any CPU
		{5B7C13CB-F7A4-49C6-B048-8C928978857D}.Debug|x86.ActiveCfg = Debug|x86
		{5B7C13CB-F7A4-49C6-B048-8C928978857D}.Debug|x86.Build.0 = Debug|x86
		{5B7C13CB-F7A4-49C6-B048-8C928978857D}.Release|Any CPU.ActiveCfg = Release|Any CPU
		{5B7C13CB-F7A4-49C6-B048-8C928978857D}.Release|Any CPU.Build.0 = Release|Any CPU
		{5B7C13CB-F7A4-49C6-B048-8C928978857D}.Release|x86.ActiveCfg = Release|x86
		{5B7C13CB-F7A4-49C6-B048-8C928978857D}.Release|x86.Build.0 = Release|x86
		{59E9EE44-3CB8-44D5-984A-E8F544C4B89D}.Debug|Any CPU.ActiveCfg = Debug|Any CPU
		{59E9EE44-3CB8-44D5-984A-E8F544C4B89D}.Debug|Any CPU.Build.0 = Debug|Any CPU
		{59E9EE44-3CB8-44D5-984A-E8F544C4B89D}.Debug|x86.ActiveCfg = Debug|x86
		{59E9EE44-3CB8-44D5-984A-E8F544C4B89D}.Debug|x86.Build.0 = Debug|x86
		{59E9EE44-3CB8-44D5-984A-E8F544C4B89D}.Release|Any CPU.ActiveCfg = Release|Any CPU
		{59E9EE44-3CB8-44D5-984A-E8F544C4B89D}.Release|Any CPU.Build.0 = Release|Any CPU
		{59E9EE44-3CB8-44D5-984A-E8F544C4B89D}.Release|x86.ActiveCfg = Release|x86
		{59E9EE44-3CB8-44D5-984A-E8F544C4B89D}.Release|x86.Build.0 = Release|x86
		{F4C8AA48-FE1E-4C80-B5CB-42ACF4721642}.Debug|Any CPU.ActiveCfg = Debug|Any CPU
		{F4C8AA48-FE1E-4C80-B5CB-42ACF4721642}.Debug|Any CPU.Build.0 = Debug|Any CPU
		{F4C8AA48-FE1E-4C80-B5CB-42ACF4721642}.Debug|x86.ActiveCfg = Debug|x86
		{F4C8AA48-FE1E-4C80-B5CB-42ACF4721642}.Debug|x86.Build.0 = Debug|x86
		{F4C8AA48-FE1E-4C80-B5CB-42ACF4721642}.Release|Any CPU.ActiveCfg = Release|Any CPU
		{F4C8AA48-FE1E-4C80-B5CB-42ACF4721642}.Release|Any CPU.Build.0 = Release|Any CPU
		{F4C8AA48-FE1E-4C80-B5CB-42ACF4721642}.Release|x86.ActiveCfg = Release|x86
		{F4C8AA48-FE1E-4C80-B5CB-42ACF4721642}.Release|x86.Build.0 = Release|x86
		{A1F16BDB-01A5-4DE8-8DA6-F6E86868C1A8}.Debug|Any CPU.ActiveCfg = Debug|Any CPU
		{A1F16BDB-01A5-4DE8-8DA6-F6E86868C1A8}.Debug|Any CPU.Build.0 = Debug|Any CPU
		{A1F16BDB-01A5-4DE8-8DA6-F6E86868C1A8}.Debug|x86.ActiveCfg = Debug|Any CPU
		{A1F16BDB-01A5-4DE8-8DA6-F6E86868C1A8}.Debug|x86.Build.0 = Debug|Any CPU
		{A1F16BDB-01A5-4DE8-8DA6-F6E86868C1A8}.Release|Any CPU.ActiveCfg = Release|Any CPU
		{A1F16BDB-01A5-4DE8-8DA6-F6E86868C1A8}.Release|Any CPU.Build.0 = Release|Any CPU
		{A1F16BDB-01A5-4DE8-8DA6-F6E86868C1A8}.Release|x86.ActiveCfg = Release|Any CPU
		{A1F16BDB-01A5-4DE8-8DA6-F6E86868C1A8}.Release|x86.Build.0 = Release|Any CPU
		{0D92E097-3268-4D76-A70C-024F70CB857F}.Debug|Any CPU.ActiveCfg = Debug|Any CPU
		{0D92E097-3268-4D76-A70C-024F70CB857F}.Debug|Any CPU.Build.0 = Debug|Any CPU
		{0D92E097-3268-4D76-A70C-024F70CB857F}.Debug|x86.ActiveCfg = Debug|Any CPU
		{0D92E097-3268-4D76-A70C-024F70CB857F}.Debug|x86.Build.0 = Debug|Any CPU
		{0D92E097-3268-4D76-A70C-024F70CB857F}.Release|Any CPU.ActiveCfg = Release|Any CPU
		{0D92E097-3268-4D76-A70C-024F70CB857F}.Release|Any CPU.Build.0 = Release|Any CPU
		{0D92E097-3268-4D76-A70C-024F70CB857F}.Release|x86.ActiveCfg = Release|Any CPU
		{0D92E097-3268-4D76-A70C-024F70CB857F}.Release|x86.Build.0 = Release|Any CPU
		{285D97F9-63F3-4EF8-9710-30C812EE1168}.Debug|Any CPU.ActiveCfg = Debug|Any CPU
		{285D97F9-63F3-4EF8-9710-30C812EE1168}.Debug|Any CPU.Build.0 = Debug|Any CPU
		{285D97F9-63F3-4EF8-9710-30C812EE1168}.Debug|x86.ActiveCfg = Debug|Any CPU
		{285D97F9-63F3-4EF8-9710-30C812EE1168}.Debug|x86.Build.0 = Debug|Any CPU
		{285D97F9-63F3-4EF8-9710-30C812EE1168}.Release|Any CPU.ActiveCfg = Release|Any CPU
		{285D97F9-63F3-4EF8-9710-30C812EE1168}.Release|Any CPU.Build.0 = Release|Any CPU
		{285D97F9-63F3-4EF8-9710-30C812EE1168}.Release|x86.ActiveCfg = Release|Any CPU
		{285D97F9-63F3-4EF8-9710-30C812EE1168}.Release|x86.Build.0 = Release|Any CPU
		{31ACF447-99C9-428A-8C8F-931334374BAE}.Debug|Any CPU.ActiveCfg = Debug|Any CPU
		{31ACF447-99C9-428A-8C8F-931334374BAE}.Debug|Any CPU.Build.0 = Debug|Any CPU
		{31ACF447-99C9-428A-8C8F-931334374BAE}.Debug|x86.ActiveCfg = Debug|Any CPU
		{31ACF447-99C9-428A-8C8F-931334374BAE}.Debug|x86.Build.0 = Debug|Any CPU
		{31ACF447-99C9-428A-8C8F-931334374BAE}.Release|Any CPU.ActiveCfg = Release|Any CPU
		{31ACF447-99C9-428A-8C8F-931334374BAE}.Release|Any CPU.Build.0 = Release|Any CPU
		{31ACF447-99C9-428A-8C8F-931334374BAE}.Release|x86.ActiveCfg = Release|Any CPU
		{31ACF447-99C9-428A-8C8F-931334374BAE}.Release|x86.Build.0 = Release|Any CPU
	EndGlobalSection
	GlobalSection(SolutionProperties) = preSolution
		HideSolutionNode = FALSE
	EndGlobalSection
	GlobalSection(NestedProjects) = preSolution
		{6CE46CB6-C1D1-4175-ACDD-3F3435751244} = {0273CC76-E1A9-4150-851A-B706270ADFEB}
		{71A7696B-5A37-45F1-B25B-04161798D49F} = {6CE46CB6-C1D1-4175-ACDD-3F3435751244}
		{6AA4DABD-B5D6-4A3D-91A5-AF8C5D0806E6} = {6CE46CB6-C1D1-4175-ACDD-3F3435751244}
		{CBFA0B9A-4813-47EE-A5B5-9185C6B7B90F} = {0273CC76-E1A9-4150-851A-B706270ADFEB}
		{5B7C13CB-F7A4-49C6-B048-8C928978857D} = {CBFA0B9A-4813-47EE-A5B5-9185C6B7B90F}
		{59E9EE44-3CB8-44D5-984A-E8F544C4B89D} = {CBFA0B9A-4813-47EE-A5B5-9185C6B7B90F}
		{F4C8AA48-FE1E-4C80-B5CB-42ACF4721642} = {CBFA0B9A-4813-47EE-A5B5-9185C6B7B90F}
		{1D628539-3616-4015-93A9-C12341877ACC} = {0273CC76-E1A9-4150-851A-B706270ADFEB}
		{285D97F9-63F3-4EF8-9710-30C812EE1168} = {1D628539-3616-4015-93A9-C12341877ACC}
	EndGlobalSection
	GlobalSection(ExtensibilityGlobals) = postSolution
		SolutionGuid = {C4470A15-1028-460A-A067-9C946776FFF3}
	EndGlobalSection
EndGlobal
